
Microsoft Visual Studio Solution File, Format Version 12.00
# Visual Studio Version 17
VisualStudioVersion = 17.0.31423.177
MinimumVisualStudioVersion = 10.0.40219.1
Project("{9A19103F-16F7-4668-BE54-9A1E7A4F7556}") = "Panosen.Reflection", "Panosen.Reflection\Panosen.Reflection.csproj", "{33CF02A7-F46F-425A-BA3A-AC341F21FBED}"
EndProject
Project("{9A19103F-16F7-4668-BE54-9A1E7A4F7556}") = "Panosen.Reflection.MSTest", "Panosen.Reflection.MSTest\Panosen.Reflection.MSTest.csproj", "{C8E2E703-F7F1-42DD-8D30-F1F2EB8D6174}"
EndProject
Global
	GlobalSection(SolutionConfigurationPlatforms) = preSolution
		Debug|Any CPU = Debug|Any CPU
		Release|Any CPU = Release|Any CPU
	EndGlobalSection
	GlobalSection(ProjectConfigurationPlatforms) = postSolution
		{33CF02A7-F46F-425A-BA3A-AC341F21FBED}.Debug|Any CPU.ActiveCfg = Debug|Any CPU
		{33CF02A7-F46F-425A-BA3A-AC341F21FBED}.Debug|Any CPU.Build.0 = Debug|Any CPU
		{33CF02A7-F46F-425A-BA3A-AC341F21FBED}.Release|Any CPU.ActiveCfg = Release|Any CPU
		{33CF02A7-F46F-425A-BA3A-AC341F21FBED}.Release|Any CPU.Build.0 = Release|Any CPU
		{C8E2E703-F7F1-42DD-8D30-F1F2EB8D6174}.Debug|Any CPU.ActiveCfg = Debug|Any CPU
		{C8E2E703-F7F1-42DD-8D30-F1F2EB8D6174}.Debug|Any CPU.Build.0 = Debug|Any CPU
		{C8E2E703-F7F1-42DD-8D30-F1F2EB8D6174}.Release|Any CPU.ActiveCfg = Release|Any CPU
		{C8E2E703-F7F1-42DD-8D30-F1F2EB8D6174}.Release|Any CPU.Build.0 = Release|Any CPU
	EndGlobalSection
	GlobalSection(SolutionProperties) = preSolution
		HideSolutionNode = FALSE
	EndGlobalSection
	GlobalSection(ExtensibilityGlobals) = postSolution
		SolutionGuid = {E12335D4-25F0-44D7-A7D8-09FC0ABAAD93}
	EndGlobalSection
EndGlobal
